
Microsoft Visual Studio Solution File, Format Version 12.00
# Visual Studio Version 16
VisualStudioVersion = 16.0.28917.181
MinimumVisualStudioVersion = 10.0.40219.1
Project("{FAE04EC0-301F-11D3-BF4B-00C04F79EFBC}") = "divicibleArray", "divicibleArray\divicibleArray.csproj", "{3D97A937-A56F-49CF-A725-67BBF268672E}"
EndProject
Global
	GlobalSection(SolutionConfigurationPlatforms) = preSolution
		Debug|Any CPU = Debug|Any CPU
		Release|Any CPU = Release|Any CPU
	EndGlobalSection
	GlobalSection(ProjectConfigurationPlatforms) = postSolution
		{3D97A937-A56F-49CF-A725-67BBF268672E}.Debug|Any CPU.ActiveCfg = Debug|Any CPU
		{3D97A937-A56F-49CF-A725-67BBF268672E}.Debug|Any CPU.Build.0 = Debug|Any CPU
		{3D97A937-A56F-49CF-A725-67BBF268672E}.Release|Any CPU.ActiveCfg = Release|Any CPU
		{3D97A937-A56F-49CF-A725-67BBF268672E}.Release|Any CPU.Build.0 = Release|Any CPU
	EndGlobalSection
	GlobalSection(SolutionProperties) = preSolution
		HideSolutionNode = FALSE
	EndGlobalSection
	GlobalSection(ExtensibilityGlobals) = postSolution
		SolutionGuid = {45B78ED0-0FEB-42A9-B83F-77C6537003DF}
	EndGlobalSection
EndGlobal
